
Microsoft Visual Studio Solution File, Format Version 12.00
# Visual Studio Version 16
VisualStudioVersion = 16.0.28809.33
MinimumVisualStudioVersion = 10.0.40219.1
Project("{8BC9CEB8-8B4A-11D0-8D11-00A0C91BC942}") = "不使用extern调用外部文件变量", "test_c\test_c.vcxproj", "{6A688893-3792-4BFF-87B5-0D51D7FA8A44}"
EndProject
Project("{8BC9CEB8-8B4A-11D0-8D11-00A0C91BC942}") = "测试宏定义的返回值", "测试宏定义的返回值\测试宏定义的返回值.vcxproj", "{D7C9E7E3-A072-4F41-B9A9-9C00A6EC3579}"
EndProject
Project("{8BC9CEB8-8B4A-11D0-8D11-00A0C91BC942}") = "static函数的外部调用", "static函数的外部调用\static函数的外部调用.vcxproj", "{5D01F9C7-2271-4A6B-B804-A0F532744E42}"
EndProject
Project("{8BC9CEB8-8B4A-11D0-8D11-00A0C91BC942}") = "全局结构体在外部文件调用", "全局结构体在外部文件调用\全局结构体在外部文件调用.vcxproj", "{E8BF257F-03B6-4781-B866-A141A30BA575}"
EndProject
Project("{8BC9CEB8-8B4A-11D0-8D11-00A0C91BC942}") = "指针在外部函数的调用", "指针在外部函数的调用\指针在外部函数的调用.vcxproj", "{D2A77B2C-DE1A-4780-8B11-F5FF1550A889}"
EndProject
Project("{8BC9CEB8-8B4A-11D0-8D11-00A0C91BC942}") = "switch case", "switch case\switch case.vcxproj", "{63EDC787-FB25-4887-BE58-DA3AF1EFB4B0}"
EndProject
Project("{8BC9CEB8-8B4A-11D0-8D11-00A0C91BC942}") = "hex移位", "移位测试\移位测试.vcxproj", "{A8F43920-9BE1-452F-ACFB-B623E7E658BC}"
EndProject
Project("{8BC9CEB8-8B4A-11D0-8D11-00A0C91BC942}") = "10 测试文件相关函数", "10 测试文件相关函数\10 测试文件相关函数.vcxproj", "{672DCABB-F83B-4F65-BB85-DE51E6A54CFF}"
EndProject
Project("{8BC9CEB8-8B4A-11D0-8D11-00A0C91BC942}") = "测试不同枚举变量中相同变量名", "测试不同枚举变量中相同变量名\测试不同枚举变量中相同变量名.vcxproj", "{2B35FA5A-B0FA-462A-AF60-A7885CFA5D30}"
EndProject
Project("{8BC9CEB8-8B4A-11D0-8D11-00A0C91BC942}") = "strchr函数测试", "strchr函数测试\strchr函数测试.vcxproj", "{1D5E069D-001B-4A00-995C-08050FF2625E}"
EndProject
Project("{8BC9CEB8-8B4A-11D0-8D11-00A0C91BC942}") = "11 switch语句嵌套", "11 switch语句嵌套\11 switch语句嵌套.vcxproj", "{2A2A30A0-A93D-4DD0-8EB1-0C2BC934FA8B}"
EndProject
Project("{8BC9CEB8-8B4A-11D0-8D11-00A0C91BC942}") = "12 测试函数内部的define能否在外部调用", "12 测试函数内部的define能否在外部调用\12 测试函数内部的define能否在外部调用.vcxproj", "{DDAE508F-0A11-43E1-8EF5-BF319DEE7247}"
EndProject
Project("{8BC9CEB8-8B4A-11D0-8D11-00A0C91BC942}") = "13 字节大小测试", "13 字节大小测试\13 字节大小测试.vcxproj", "{F6F58F02-B1CA-43AC-83B0-50D5245D84E2}"
EndProject
Project("{8BC9CEB8-8B4A-11D0-8D11-00A0C91BC942}") = "00 test", "00 test\00 test.vcxproj", "{31539629-9256-4C90-975E-E44045AF4E0D}"
EndProject
Project("{8BC9CEB8-8B4A-11D0-8D11-00A0C91BC942}") = "14 continue、break、return", "14 continue、break、return\14 continue、break、return.vcxproj", "{F220B1A9-5E7B-41B9-8580-ED5D7A335FE9}"
EndProject
Project("{8BC9CEB8-8B4A-11D0-8D11-00A0C91BC942}") = "15 拷贝数组", "15 拷贝数组\15 拷贝数组.vcxproj", "{334B68AA-152F-4107-8847-355A6BA82899}"
EndProject
Project("{8BC9CEB8-8B4A-11D0-8D11-00A0C91BC942}") = "200 kunlun oem bin file crc check", "200 kunlun oem bin file crc check\200 kunlun oem bin file crc check.vcxproj", "{99AF30EC-1447-42B0-A5CF-D76ABB3BC633}"
EndProject
Project("{8BC9CEB8-8B4A-11D0-8D11-00A0C91BC942}") = "16 goto", "16 goto\16 goto.vcxproj", "{9F3877F8-FF01-473F-941C-270FDA814E6B}"
EndProject
Project("{8BC9CEB8-8B4A-11D0-8D11-00A0C91BC942}") = "17 AES test", "17 AES test\17 AES test.vcxproj", "{285C6528-8FF3-422D-ABC2-3F02785C1640}"
EndProject
Project("{2150E333-8FDC-42A3-9474-1A3956D46DE8}") = "Solution Items", "Solution Items", "{A4BDFBF4-5187-4A1B-8C79-7E442363E7BF}"
	ProjectSection(SolutionItems) = preProject
		总结.txt = 总结.txt
	EndProjectSection
EndProject
Project("{8BC9CEB8-8B4A-11D0-8D11-00A0C91BC942}") = "18 数据结构强转", "18 数据结构强转\18 数据结构强转.vcxproj", "{5C10FB46-3466-4348-8F7C-693DEFC41FE4}"
EndProject
Project("{8BC9CEB8-8B4A-11D0-8D11-00A0C91BC942}") = "19 不同文件的结构体调用", "19 不同文件的结构体调用\19 不同文件的结构体调用.vcxproj", "{565AE642-20A8-466B-B35F-BD016079611A}"
EndProject
Project("{8BC9CEB8-8B4A-11D0-8D11-00A0C91BC942}") = "20 modbus-crc-lrc", "20 modbus-crc-lrc\20 modbus-crc-lrc.vcxproj", "{3720D799-D466-4D09-B1AF-06EB5D039319}"
EndProject
Project("{8BC9CEB8-8B4A-11D0-8D11-00A0C91BC942}") = "char2hex", "char2hex\char2hex.vcxproj", "{8C745A98-88C8-4495-A9AE-C0A01E5D39E3}"
EndProject
Project("{8BC9CEB8-8B4A-11D0-8D11-00A0C91BC942}") = "21 IOT_ABS", "21 IOT_ABS\21 IOT_ABS.vcxproj", "{CAE89F2F-78DC-453E-B40D-3223989950EC}"
EndProject
Global
	GlobalSection(SolutionConfigurationPlatforms) = preSolution
		Debug|x64 = Debug|x64
		Debug|x86 = Debug|x86
		Release|x64 = Release|x64
		Release|x86 = Release|x86
	EndGlobalSection
	GlobalSection(ProjectConfigurationPlatforms) = postSolution
		{6A688893-3792-4BFF-87B5-0D51D7FA8A44}.Debug|x64.ActiveCfg = Debug|x64
		{6A688893-3792-4BFF-87B5-0D51D7FA8A44}.Debug|x64.Build.0 = Debug|x64
		{6A688893-3792-4BFF-87B5-0D51D7FA8A44}.Debug|x86.ActiveCfg = Debug|Win32
		{6A688893-3792-4BFF-87B5-0D51D7FA8A44}.Debug|x86.Build.0 = Debug|Win32
		{6A688893-3792-4BFF-87B5-0D51D7FA8A44}.Release|x64.ActiveCfg = Release|x64
		{6A688893-3792-4BFF-87B5-0D51D7FA8A44}.Release|x64.Build.0 = Release|x64
		{6A688893-3792-4BFF-87B5-0D51D7FA8A44}.Release|x86.ActiveCfg = Release|Win32
		{6A688893-3792-4BFF-87B5-0D51D7FA8A44}.Release|x86.Build.0 = Release|Win32
		{D7C9E7E3-A072-4F41-B9A9-9C00A6EC3579}.Debug|x64.ActiveCfg = Debug|x64
		{D7C9E7E3-A072-4F41-B9A9-9C00A6EC3579}.Debug|x64.Build.0 = Debug|x64
		{D7C9E7E3-A072-4F41-B9A9-9C00A6EC3579}.Debug|x86.ActiveCfg = Debug|Win32
		{D7C9E7E3-A072-4F41-B9A9-9C00A6EC3579}.Debug|x86.Build.0 = Debug|Win32
		{D7C9E7E3-A072-4F41-B9A9-9C00A6EC3579}.Release|x64.ActiveCfg = Release|x64
		{D7C9E7E3-A072-4F41-B9A9-9C00A6EC3579}.Release|x64.Build.0 = Release|x64
		{D7C9E7E3-A072-4F41-B9A9-9C00A6EC3579}.Release|x86.ActiveCfg = Release|Win32
		{D7C9E7E3-A072-4F41-B9A9-9C00A6EC3579}.Release|x86.Build.0 = Release|Win32
		{5D01F9C7-2271-4A6B-B804-A0F532744E42}.Debug|x64.ActiveCfg = Debug|x64
		{5D01F9C7-2271-4A6B-B804-A0F532744E42}.Debug|x64.Build.0 = Debug|x64
		{5D01F9C7-2271-4A6B-B804-A0F532744E42}.Debug|x86.ActiveCfg = Debug|Win32
		{5D01F9C7-2271-4A6B-B804-A0F532744E42}.Debug|x86.Build.0 = Debug|Win32
		{5D01F9C7-2271-4A6B-B804-A0F532744E42}.Release|x64.ActiveCfg = Release|x64
		{5D01F9C7-2271-4A6B-B804-A0F532744E42}.Release|x64.Build.0 = Release|x64
		{5D01F9C7-2271-4A6B-B804-A0F532744E42}.Release|x86.ActiveCfg = Release|Win32
		{5D01F9C7-2271-4A6B-B804-A0F532744E42}.Release|x86.Build.0 = Release|Win32
		{E8BF257F-03B6-4781-B866-A141A30BA575}.Debug|x64.ActiveCfg = Debug|x64
		{E8BF257F-03B6-4781-B866-A141A30BA575}.Debug|x64.Build.0 = Debug|x64
		{E8BF257F-03B6-4781-B866-A141A30BA575}.Debug|x86.ActiveCfg = Debug|Win32
		{E8BF257F-03B6-4781-B866-A141A30BA575}.Debug|x86.Build.0 = Debug|Win32
		{E8BF257F-03B6-4781-B866-A141A30BA575}.Release|x64.ActiveCfg = Release|x64
		{E8BF257F-03B6-4781-B866-A141A30BA575}.Release|x64.Build.0 = Release|x64
		{E8BF257F-03B6-4781-B866-A141A30BA575}.Release|x86.ActiveCfg = Release|Win32
		{E8BF257F-03B6-4781-B866-A141A30BA575}.Release|x86.Build.0 = Release|Win32
		{D2A77B2C-DE1A-4780-8B11-F5FF1550A889}.Debug|x64.ActiveCfg = Debug|x64
		{D2A77B2C-DE1A-4780-8B11-F5FF1550A889}.Debug|x64.Build.0 = Debug|x64
		{D2A77B2C-DE1A-4780-8B11-F5FF1550A889}.Debug|x86.ActiveCfg = Debug|Win32
		{D2A77B2C-DE1A-4780-8B11-F5FF1550A889}.Debug|x86.Build.0 = Debug|Win32
		{D2A77B2C-DE1A-4780-8B11-F5FF1550A889}.Release|x64.ActiveCfg = Release|x64
		{D2A77B2C-DE1A-4780-8B11-F5FF1550A889}.Release|x64.Build.0 = Release|x64
		{D2A77B2C-DE1A-4780-8B11-F5FF1550A889}.Release|x86.ActiveCfg = Release|Win32
		{D2A77B2C-DE1A-4780-8B11-F5FF1550A889}.Release|x86.Build.0 = Release|Win32
		{63EDC787-FB25-4887-BE58-DA3AF1EFB4B0}.Debug|x64.ActiveCfg = Debug|x64
		{63EDC787-FB25-4887-BE58-DA3AF1EFB4B0}.Debug|x64.Build.0 = Debug|x64
		{63EDC787-FB25-4887-BE58-DA3AF1EFB4B0}.Debug|x86.ActiveCfg = Debug|Win32
		{63EDC787-FB25-4887-BE58-DA3AF1EFB4B0}.Debug|x86.Build.0 = Debug|Win32
		{63EDC787-FB25-4887-BE58-DA3AF1EFB4B0}.Release|x64.ActiveCfg = Release|x64
		{63EDC787-FB25-4887-BE58-DA3AF1EFB4B0}.Release|x64.Build.0 = Release|x64
		{63EDC787-FB25-4887-BE58-DA3AF1EFB4B0}.Release|x86.ActiveCfg = Release|Win32
		{63EDC787-FB25-4887-BE58-DA3AF1EFB4B0}.Release|x86.Build.0 = Release|Win32
		{A8F43920-9BE1-452F-ACFB-B623E7E658BC}.Debug|x64.ActiveCfg = Debug|x64
		{A8F43920-9BE1-452F-ACFB-B623E7E658BC}.Debug|x64.Build.0 = Debug|x64
		{A8F43920-9BE1-452F-ACFB-B623E7E658BC}.Debug|x86.ActiveCfg = Debug|Win32
		{A8F43920-9BE1-452F-ACFB-B623E7E658BC}.Debug|x86.Build.0 = Debug|Win32
		{A8F43920-9BE1-452F-ACFB-B623E7E658BC}.Release|x64.ActiveCfg = Release|x64
		{A8F43920-9BE1-452F-ACFB-B623E7E658BC}.Release|x64.Build.0 = Release|x64
		{A8F43920-9BE1-452F-ACFB-B623E7E658BC}.Release|x86.ActiveCfg = Release|Win32
		{A8F43920-9BE1-452F-ACFB-B623E7E658BC}.Release|x86.Build.0 = Release|Win32
		{672DCABB-F83B-4F65-BB85-DE51E6A54CFF}.Debug|x64.ActiveCfg = Debug|x64
		{672DCABB-F83B-4F65-BB85-DE51E6A54CFF}.Debug|x64.Build.0 = Debug|x64
		{672DCABB-F83B-4F65-BB85-DE51E6A54CFF}.Debug|x86.ActiveCfg = Debug|Win32
		{672DCABB-F83B-4F65-BB85-DE51E6A54CFF}.Debug|x86.Build.0 = Debug|Win32
		{672DCABB-F83B-4F65-BB85-DE51E6A54CFF}.Release|x64.ActiveCfg = Release|x64
		{672DCABB-F83B-4F65-BB85-DE51E6A54CFF}.Release|x64.Build.0 = Release|x64
		{672DCABB-F83B-4F65-BB85-DE51E6A54CFF}.Release|x86.ActiveCfg = Release|Win32
		{672DCABB-F83B-4F65-BB85-DE51E6A54CFF}.Release|x86.Build.0 = Release|Win32
		{2B35FA5A-B0FA-462A-AF60-A7885CFA5D30}.Debug|x64.ActiveCfg = Debug|x64
		{2B35FA5A-B0FA-462A-AF60-A7885CFA5D30}.Debug|x64.Build.0 = Debug|x64
		{2B35FA5A-B0FA-462A-AF60-A7885CFA5D30}.Debug|x86.ActiveCfg = Debug|Win32
		{2B35FA5A-B0FA-462A-AF60-A7885CFA5D30}.Debug|x86.Build.0 = Debug|Win32
		{2B35FA5A-B0FA-462A-AF60-A7885CFA5D30}.Release|x64.ActiveCfg = Release|x64
		{2B35FA5A-B0FA-462A-AF60-A7885CFA5D30}.Release|x64.Build.0 = Release|x64
		{2B35FA5A-B0FA-462A-AF60-A7885CFA5D30}.Release|x86.ActiveCfg = Release|Win32
		{2B35FA5A-B0FA-462A-AF60-A7885CFA5D30}.Release|x86.Build.0 = Release|Win32
		{1D5E069D-001B-4A00-995C-08050FF2625E}.Debug|x64.ActiveCfg = Debug|x64
		{1D5E069D-001B-4A00-995C-08050FF2625E}.Debug|x64.Build.0 = Debug|x64
		{1D5E069D-001B-4A00-995C-08050FF2625E}.Debug|x86.ActiveCfg = Debug|Win32
		{1D5E069D-001B-4A00-995C-08050FF2625E}.Debug|x86.Build.0 = Debug|Win32
		{1D5E069D-001B-4A00-995C-08050FF2625E}.Release|x64.ActiveCfg = Release|x64
		{1D5E069D-001B-4A00-995C-08050FF2625E}.Release|x64.Build.0 = Release|x64
		{1D5E069D-001B-4A00-995C-08050FF2625E}.Release|x86.ActiveCfg = Release|Win32
		{1D5E069D-001B-4A00-995C-08050FF2625E}.Release|x86.Build.0 = Release|Win32
		{2A2A30A0-A93D-4DD0-8EB1-0C2BC934FA8B}.Debug|x64.ActiveCfg = Debug|x64
		{2A2A30A0-A93D-4DD0-8EB1-0C2BC934FA8B}.Debug|x64.Build.0 = Debug|x64
		{2A2A30A0-A93D-4DD0-8EB1-0C2BC934FA8B}.Debug|x86.ActiveCfg = Debug|Win32
		{2A2A30A0-A93D-4DD0-8EB1-0C2BC934FA8B}.Debug|x86.Build.0 = Debug|Win32
		{2A2A30A0-A93D-4DD0-8EB1-0C2BC934FA8B}.Release|x64.ActiveCfg = Release|x64
		{2A2A30A0-A93D-4DD0-8EB1-0C2BC934FA8B}.Release|x64.Build.0 = Release|x64
		{2A2A30A0-A93D-4DD0-8EB1-0C2BC934FA8B}.Release|x86.ActiveCfg = Release|Win32
		{2A2A30A0-A93D-4DD0-8EB1-0C2BC934FA8B}.Release|x86.Build.0 = Release|Win32
		{DDAE508F-0A11-43E1-8EF5-BF319DEE7247}.Debug|x64.ActiveCfg = Debug|x64
		{DDAE508F-0A11-43E1-8EF5-BF319DEE7247}.Debug|x64.Build.0 = Debug|x64
		{DDAE508F-0A11-43E1-8EF5-BF319DEE7247}.Debug|x86.ActiveCfg = Debug|Win32
		{DDAE508F-0A11-43E1-8EF5-BF319DEE7247}.Debug|x86.Build.0 = Debug|Win32
		{DDAE508F-0A11-43E1-8EF5-BF319DEE7247}.Release|x64.ActiveCfg = Release|x64
		{DDAE508F-0A11-43E1-8EF5-BF319DEE7247}.Release|x64.Build.0 = Release|x64
		{DDAE508F-0A11-43E1-8EF5-BF319DEE7247}.Release|x86.ActiveCfg = Release|Win32
		{DDAE508F-0A11-43E1-8EF5-BF319DEE7247}.Release|x86.Build.0 = Release|Win32
		{F6F58F02-B1CA-43AC-83B0-50D5245D84E2}.Debug|x64.ActiveCfg = Debug|x64
		{F6F58F02-B1CA-43AC-83B0-50D5245D84E2}.Debug|x64.Build.0 = Debug|x64
		{F6F58F02-B1CA-43AC-83B0-50D5245D84E2}.Debug|x86.ActiveCfg = Debug|Win32
		{F6F58F02-B1CA-43AC-83B0-50D5245D84E2}.Debug|x86.Build.0 = Debug|Win32
		{F6F58F02-B1CA-43AC-83B0-50D5245D84E2}.Release|x64.ActiveCfg = Release|x64
		{F6F58F02-B1CA-43AC-83B0-50D5245D84E2}.Release|x64.Build.0 = Release|x64
		{F6F58F02-B1CA-43AC-83B0-50D5245D84E2}.Release|x86.ActiveCfg = Release|Win32
		{F6F58F02-B1CA-43AC-83B0-50D5245D84E2}.Release|x86.Build.0 = Release|Win32
		{31539629-9256-4C90-975E-E44045AF4E0D}.Debug|x64.ActiveCfg = Debug|x64
		{31539629-9256-4C90-975E-E44045AF4E0D}.Debug|x64.Build.0 = Debug|x64
		{31539629-9256-4C90-975E-E44045AF4E0D}.Debug|x86.ActiveCfg = Debug|Win32
		{31539629-9256-4C90-975E-E44045AF4E0D}.Debug|x86.Build.0 = Debug|Win32
		{31539629-9256-4C90-975E-E44045AF4E0D}.Release|x64.ActiveCfg = Release|x64
		{31539629-9256-4C90-975E-E44045AF4E0D}.Release|x64.Build.0 = Release|x64
		{31539629-9256-4C90-975E-E44045AF4E0D}.Release|x86.ActiveCfg = Release|Win32
		{31539629-9256-4C90-975E-E44045AF4E0D}.Release|x86.Build.0 = Release|Win32
		{F220B1A9-5E7B-41B9-8580-ED5D7A335FE9}.Debug|x64.ActiveCfg = Debug|x64
		{F220B1A9-5E7B-41B9-8580-ED5D7A335FE9}.Debug|x64.Build.0 = Debug|x64
		{F220B1A9-5E7B-41B9-8580-ED5D7A335FE9}.Debug|x86.ActiveCfg = Debug|Win32
		{F220B1A9-5E7B-41B9-8580-ED5D7A335FE9}.Debug|x86.Build.0 = Debug|Win32
		{F220B1A9-5E7B-41B9-8580-ED5D7A335FE9}.Release|x64.ActiveCfg = Release|x64
		{F220B1A9-5E7B-41B9-8580-ED5D7A335FE9}.Release|x64.Build.0 = Release|x64
		{F220B1A9-5E7B-41B9-8580-ED5D7A335FE9}.Release|x86.ActiveCfg = Release|Win32
		{F220B1A9-5E7B-41B9-8580-ED5D7A335FE9}.Release|x86.Build.0 = Release|Win32
		{334B68AA-152F-4107-8847-355A6BA82899}.Debug|x64.ActiveCfg = Debug|x64
		{334B68AA-152F-4107-8847-355A6BA82899}.Debug|x64.Build.0 = Debug|x64
		{334B68AA-152F-4107-8847-355A6BA82899}.Debug|x86.ActiveCfg = Debug|Win32
		{334B68AA-152F-4107-8847-355A6BA82899}.Debug|x86.Build.0 = Debug|Win32
		{334B68AA-152F-4107-8847-355A6BA82899}.Release|x64.ActiveCfg = Release|x64
		{334B68AA-152F-4107-8847-355A6BA82899}.Release|x64.Build.0 = Release|x64
		{334B68AA-152F-4107-8847-355A6BA82899}.Release|x86.ActiveCfg = Release|Win32
		{334B68AA-152F-4107-8847-355A6BA82899}.Release|x86.Build.0 = Release|Win32
		{99AF30EC-1447-42B0-A5CF-D76ABB3BC633}.Debug|x64.ActiveCfg = Debug|x64
		{99AF30EC-1447-42B0-A5CF-D76ABB3BC633}.Debug|x64.Build.0 = Debug|x64
		{99AF30EC-1447-42B0-A5CF-D76ABB3BC633}.Debug|x86.ActiveCfg = Debug|Win32
		{99AF30EC-1447-42B0-A5CF-D76ABB3BC633}.Debug|x86.Build.0 = Debug|Win32
		{99AF30EC-1447-42B0-A5CF-D76ABB3BC633}.Release|x64.ActiveCfg = Release|x64
		{99AF30EC-1447-42B0-A5CF-D76ABB3BC633}.Release|x64.Build.0 = Release|x64
		{99AF30EC-1447-42B0-A5CF-D76ABB3BC633}.Release|x86.ActiveCfg = Release|Win32
		{99AF30EC-1447-42B0-A5CF-D76ABB3BC633}.Release|x86.Build.0 = Release|Win32
		{9F3877F8-FF01-473F-941C-270FDA814E6B}.Debug|x64.ActiveCfg = Debug|x64
		{9F3877F8-FF01-473F-941C-270FDA814E6B}.Debug|x64.Build.0 = Debug|x64
		{9F3877F8-FF01-473F-941C-270FDA814E6B}.Debug|x86.ActiveCfg = Debug|Win32
		{9F3877F8-FF01-473F-941C-270FDA814E6B}.Debug|x86.Build.0 = Debug|Win32
		{9F3877F8-FF01-473F-941C-270FDA814E6B}.Release|x64.ActiveCfg = Release|x64
		{9F3877F8-FF01-473F-941C-270FDA814E6B}.Release|x64.Build.0 = Release|x64
		{9F3877F8-FF01-473F-941C-270FDA814E6B}.Release|x86.ActiveCfg = Release|Win32
		{9F3877F8-FF01-473F-941C-270FDA814E6B}.Release|x86.Build.0 = Release|Win32
		{285C6528-8FF3-422D-ABC2-3F02785C1640}.Debug|x64.ActiveCfg = Debug|x64
		{285C6528-8FF3-422D-ABC2-3F02785C1640}.Debug|x64.Build.0 = Debug|x64
		{285C6528-8FF3-422D-ABC2-3F02785C1640}.Debug|x86.ActiveCfg = Debug|Win32
		{285C6528-8FF3-422D-ABC2-3F02785C1640}.Debug|x86.Build.0 = Debug|Win32
		{285C6528-8FF3-422D-ABC2-3F02785C1640}.Release|x64.ActiveCfg = Release|x64
		{285C6528-8FF3-422D-ABC2-3F02785C1640}.Release|x64.Build.0 = Release|x64
		{285C6528-8FF3-422D-ABC2-3F02785C1640}.Release|x86.ActiveCfg = Release|Win32
		{285C6528-8FF3-422D-ABC2-3F02785C1640}.Release|x86.Build.0 = Release|Win32
		{5C10FB46-3466-4348-8F7C-693DEFC41FE4}.Debug|x64.ActiveCfg = Debug|x64
		{5C10FB46-3466-4348-8F7C-693DEFC41FE4}.Debug|x64.Build.0 = Debug|x64
		{5C10FB46-3466-4348-8F7C-693DEFC41FE4}.Debug|x86.ActiveCfg = Debug|Win32
		{5C10FB46-3466-4348-8F7C-693DEFC41FE4}.Debug|x86.Build.0 = Debug|Win32
		{5C10FB46-3466-4348-8F7C-693DEFC41FE4}.Release|x64.ActiveCfg = Release|x64
		{5C10FB46-3466-4348-8F7C-693DEFC41FE4}.Release|x64.Build.0 = Release|x64
		{5C10FB46-3466-4348-8F7C-693DEFC41FE4}.Release|x86.ActiveCfg = Release|Win32
		{5C10FB46-3466-4348-8F7C-693DEFC41FE4}.Release|x86.Build.0 = Release|Win32
		{565AE642-20A8-466B-B35F-BD016079611A}.Debug|x64.ActiveCfg = Debug|x64
		{565AE642-20A8-466B-B35F-BD016079611A}.Debug|x64.Build.0 = Debug|x64
		{565AE642-20A8-466B-B35F-BD016079611A}.Debug|x86.ActiveCfg = Debug|Win32
		{565AE642-20A8-466B-B35F-BD016079611A}.Debug|x86.Build.0 = Debug|Win32
		{565AE642-20A8-466B-B35F-BD016079611A}.Release|x64.ActiveCfg = Release|x64
		{565AE642-20A8-466B-B35F-BD016079611A}.Release|x64.Build.0 = Release|x64
		{565AE642-20A8-466B-B35F-BD016079611A}.Release|x86.ActiveCfg = Release|Win32
		{565AE642-20A8-466B-B35F-BD016079611A}.Release|x86.Build.0 = Release|Win32
		{3720D799-D466-4D09-B1AF-06EB5D039319}.Debug|x64.ActiveCfg = Debug|x64
		{3720D799-D466-4D09-B1AF-06EB5D039319}.Debug|x64.Build.0 = Debug|x64
		{3720D799-D466-4D09-B1AF-06EB5D039319}.Debug|x86.ActiveCfg = Debug|Win32
		{3720D799-D466-4D09-B1AF-06EB5D039319}.Debug|x86.Build.0 = Debug|Win32
		{3720D799-D466-4D09-B1AF-06EB5D039319}.Release|x64.ActiveCfg = Release|x64
		{3720D799-D466-4D09-B1AF-06EB5D039319}.Release|x64.Build.0 = Release|x64
		{3720D799-D466-4D09-B1AF-06EB5D039319}.Release|x86.ActiveCfg = Release|Win32
		{3720D799-D466-4D09-B1AF-06EB5D039319}.Release|x86.Build.0 = Release|Win32
		{8C745A98-88C8-4495-A9AE-C0A01E5D39E3}.Debug|x64.ActiveCfg = Debug|x64
		{8C745A98-88C8-4495-A9AE-C0A01E5D39E3}.Debug|x64.Build.0 = Debug|x64
		{8C745A98-88C8-4495-A9AE-C0A01E5D39E3}.Debug|x86.ActiveCfg = Debug|Win32
		{8C745A98-88C8-4495-A9AE-C0A01E5D39E3}.Debug|x86.Build.0 = Debug|Win32
		{8C745A98-88C8-4495-A9AE-C0A01E5D39E3}.Release|x64.ActiveCfg = Release|x64
		{8C745A98-88C8-4495-A9AE-C0A01E5D39E3}.Release|x64.Build.0 = Release|x64
		{8C745A98-88C8-4495-A9AE-C0A01E5D39E3}.Release|x86.ActiveCfg = Release|Win32
		{8C745A98-88C8-4495-A9AE-C0A01E5D39E3}.Release|x86.Build.0 = Release|Win32
		{CAE89F2F-78DC-453E-B40D-3223989950EC}.Debug|x64.ActiveCfg = Debug|x64
		{CAE89F2F-78DC-453E-B40D-3223989950EC}.Debug|x64.Build.0 = Debug|x64
		{CAE89F2F-78DC-453E-B40D-3223989950EC}.Debug|x86.ActiveCfg = Debug|Win32
		{CAE89F2F-78DC-453E-B40D-3223989950EC}.Debug|x86.Build.0 = Debug|Win32
		{CAE89F2F-78DC-453E-B40D-3223989950EC}.Release|x64.ActiveCfg = Release|x64
		{CAE89F2F-78DC-453E-B40D-3223989950EC}.Release|x64.Build.0 = Release|x64
		{CAE89F2F-78DC-453E-B40D-3223989950EC}.Release|x86.ActiveCfg = Release|Win32
		{CAE89F2F-78DC-453E-B40D-3223989950EC}.Release|x86.Build.0 = Release|Win32
	EndGlobalSection
	GlobalSection(SolutionProperties) = preSolution
		HideSolutionNode = FALSE
	EndGlobalSection
	GlobalSection(ExtensibilityGlobals) = postSolution
		SolutionGuid = {7706DAEE-87AF-4DED-84B9-5C3658AD99A2}
	EndGlobalSection
EndGlobal
